// !$*UTF8*$!
{
	archiveVersion = 1;
	classes = {
	};
	objectVersion = 50;
	objects = {

/* Begin PBXBuildFile section */
		1C3C6CC426C030DD008E5F85 /* Item.swift in Sources */ = {isa = PBXBuildFile; fileRef = 1C3C6CC326C030DD008E5F85 /* Item.swift */; };
		1C3C6CC826C07B0A008E5F85 /* PhotoCollectionViewCell.swift in Sources */ = {isa = PBXBuildFile; fileRef = 1C3C6CC726C07B0A008E5F85 /* PhotoCollectionViewCell.swift */; };
		1C3C6CC926C07E2D008E5F85 /* menu.json in Resources */ = {isa = PBXBuildFile; fileRef = 1C7149AB26BFA05F0088527A /* menu.json */; };
		1C71498B26BF62070088527A /* AppDelegate.swift in Sources */ = {isa = PBXBuildFile; fileRef = 1C71498A26BF62070088527A /* AppDelegate.swift */; };
		1C71498D26BF62070088527A /* SceneDelegate.swift in Sources */ = {isa = PBXBuildFile; fileRef = 1C71498C26BF62070088527A /* SceneDelegate.swift */; };
		1C71498F26BF62070088527A /* MainViewController.swift in Sources */ = {isa = PBXBuildFile; fileRef = 1C71498E26BF62070088527A /* MainViewController.swift */; };
		1C71499226BF62070088527A /* Main.storyboard in Resources */ = {isa = PBXBuildFile; fileRef = 1C71499026BF62070088527A /* Main.storyboard */; };
		1C71499426BF62080088527A /* Assets.xcassets in Resources */ = {isa = PBXBuildFile; fileRef = 1C71499326BF62080088527A /* Assets.xcassets */; };
		1C71499726BF62080088527A /* LaunchScreen.storyboard in Resources */ = {isa = PBXBuildFile; fileRef = 1C71499526BF62080088527A /* LaunchScreen.storyboard */; };
		1C7149A126BF90360088527A /* MenuViewController.swift in Sources */ = {isa = PBXBuildFile; fileRef = 1C7149A026BF90360088527A /* MenuViewController.swift */; };
		1C7149A326BF90410088527A /* AlbumViewController.swift in Sources */ = {isa = PBXBuildFile; fileRef = 1C7149A226BF90410088527A /* AlbumViewController.swift */; };
		1C7149A526BF91340088527A /* MenuItemTableViewCell.swift in Sources */ = {isa = PBXBuildFile; fileRef = 1C7149A426BF91340088527A /* MenuItemTableViewCell.swift */; };
		1C7149AA26BF95EA0088527A /* MenuItem.swift in Sources */ = {isa = PBXBuildFile; fileRef = 1C7149A926BF95EA0088527A /* MenuItem.swift */; };
		47AC678C26C4BC2700903145 /* MenuService.swift in Sources */ = {isa = PBXBuildFile; fileRef = 47AC678B26C4BC2700903145 /* MenuService.swift */; };
/* End PBXBuildFile section */

/* Begin PBXFileReference section */
		1C3C6CC326C030DD008E5F85 /* Item.swift */ = {isa = PBXFileReference; lastKnownFileType = sourcecode.swift; path = Item.swift; sourceTree = "<group>"; };
		1C3C6CC726C07B0A008E5F85 /* PhotoCollectionViewCell.swift */ = {isa = PBXFileReference; lastKnownFileType = sourcecode.swift; path = PhotoCollectionViewCell.swift; sourceTree = "<group>"; };
		1C71498726BF62070088527A /* LaPampa.app */ = {isa = PBXFileReference; explicitFileType = wrapper.application; includeInIndex = 0; path = LaPampa.app; sourceTree = BUILT_PRODUCTS_DIR; };
		1C71498A26BF62070088527A /* AppDelegate.swift */ = {isa = PBXFileReference; lastKnownFileType = sourcecode.swift; path = AppDelegate.swift; sourceTree = "<group>"; };
		1C71498C26BF62070088527A /* SceneDelegate.swift */ = {isa = PBXFileReference; lastKnownFileType = sourcecode.swift; path = SceneDelegate.swift; sourceTree = "<group>"; };
		1C71498E26BF62070088527A /* MainViewController.swift */ = {isa = PBXFileReference; lastKnownFileType = sourcecode.swift; path = MainViewController.swift; sourceTree = "<group>"; };
		1C71499126BF62070088527A /* Base */ = {isa = PBXFileReference; lastKnownFileType = file.storyboard; name = Base; path = Base.lproj/Main.storyboard; sourceTree = "<group>"; };
		1C71499326BF62080088527A /* Assets.xcassets */ = {isa = PBXFileReference; lastKnownFileType = folder.assetcatalog; path = Assets.xcassets; sourceTree = "<group>"; };
		1C71499626BF62080088527A /* Base */ = {isa = PBXFileReference; lastKnownFileType = file.storyboard; name = Base; path = Base.lproj/LaunchScreen.storyboard; sourceTree = "<group>"; };
		1C71499826BF62080088527A /* Info.plist */ = {isa = PBXFileReference; lastKnownFileType = text.plist.xml; path = Info.plist; sourceTree = "<group>"; };
		1C7149A026BF90360088527A /* MenuViewController.swift */ = {isa = PBXFileReference; lastKnownFileType = sourcecode.swift; path = MenuViewController.swift; sourceTree = "<group>"; };
		1C7149A226BF90410088527A /* AlbumViewController.swift */ = {isa = PBXFileReference; lastKnownFileType = sourcecode.swift; path = AlbumViewController.swift; sourceTree = "<group>"; };
		1C7149A426BF91340088527A /* MenuItemTableViewCell.swift */ = {isa = PBXFileReference; lastKnownFileType = sourcecode.swift; path = MenuItemTableViewCell.swift; sourceTree = "<group>"; };
		1C7149A926BF95EA0088527A /* MenuItem.swift */ = {isa = PBXFileReference; lastKnownFileType = sourcecode.swift; path = MenuItem.swift; sourceTree = "<group>"; };
		1C7149AB26BFA05F0088527A /* menu.json */ = {isa = PBXFileReference; lastKnownFileType = text.json; path = menu.json; sourceTree = "<group>"; };
		47AC678B26C4BC2700903145 /* MenuService.swift */ = {isa = PBXFileReference; lastKnownFileType = sourcecode.swift; path = MenuService.swift; sourceTree = "<group>"; };
/* End PBXFileReference section */

/* Begin PBXFrameworksBuildPhase section */
		1C71498426BF62070088527A /* Frameworks */ = {
			isa = PBXFrameworksBuildPhase;
			buildActionMask = 2147483647;
			files = (
			);
			runOnlyForDeploymentPostprocessing = 0;
		};
/* End PBXFrameworksBuildPhase section */

/* Begin PBXGroup section */
		1C71497E26BF62070088527A = {
			isa = PBXGroup;
			children = (
				1C71498926BF62070088527A /* LaPampa */,
				1C71498826BF62070088527A /* Products */,
			);
			sourceTree = "<group>";
		};
		1C71498826BF62070088527A /* Products */ = {
			isa = PBXGroup;
			children = (
				1C71498726BF62070088527A /* LaPampa.app */,
			);
			name = Products;
			sourceTree = "<group>";
		};
		1C71498926BF62070088527A /* LaPampa */ = {
			isa = PBXGroup;
			children = (
				470CA7C926C4B462006F4E48 /* App */,
				1C71499F26BF62180088527A /* Controller */,
				1C7149A826BF95E20088527A /* Model */,
				470CA7CA26C4B479006F4E48 /* Resources */,
				47AC678A26C4BBD800903145 /* Service */,
				1C71499E26BF62100088527A /* View */,
			);
			path = LaPampa;
			sourceTree = "<group>";
		};
		1C71499E26BF62100088527A /* View */ = {
			isa = PBXGroup;
			children = (
				1C71499026BF62070088527A /* Main.storyboard */,
			);
			path = View;
			sourceTree = "<group>";
		};
		1C71499F26BF62180088527A /* Controller */ = {
			isa = PBXGroup;
			children = (
				1C71498E26BF62070088527A /* MainViewController.swift */,
				1C7149A626BF938C0088527A /* Menu */,
				1C7149A726BF93980088527A /* Album */,
			);
			path = Controller;
			sourceTree = "<group>";
		};
		1C7149A626BF938C0088527A /* Menu */ = {
			isa = PBXGroup;
			children = (
				1C7149A026BF90360088527A /* MenuViewController.swift */,
				1C7149A426BF91340088527A /* MenuItemTableViewCell.swift */,
			);
			path = Menu;
			sourceTree = "<group>";
		};
		1C7149A726BF93980088527A /* Album */ = {
			isa = PBXGroup;
			children = (
				1C7149A226BF90410088527A /* AlbumViewController.swift */,
				1C3C6CC726C07B0A008E5F85 /* PhotoCollectionViewCell.swift */,
			);
			path = Album;
			sourceTree = "<group>";
		};
		1C7149A826BF95E20088527A /* Model */ = {
			isa = PBXGroup;
			children = (
				1C7149A926BF95EA0088527A /* MenuItem.swift */,
				1C3C6CC326C030DD008E5F85 /* Item.swift */,
			);
			path = Model;
			sourceTree = "<group>";
		};
		470CA7C926C4B462006F4E48 /* App */ = {
			isa = PBXGroup;
			children = (
				1C71498A26BF62070088527A /* AppDelegate.swift */,
				1C71498C26BF62070088527A /* SceneDelegate.swift */,
				1C71499826BF62080088527A /* Info.plist */,
			);
			path = App;
			sourceTree = "<group>";
		};
		470CA7CA26C4B479006F4E48 /* Resources */ = {
			isa = PBXGroup;
			children = (
				470CA7CB26C4B4B8006F4E48 /* JSON */,
				1C71499326BF62080088527A /* Assets.xcassets */,
				1C71499526BF62080088527A /* LaunchScreen.storyboard */,
			);
			path = Resources;
			sourceTree = "<group>";
		};
		470CA7CB26C4B4B8006F4E48 /* JSON */ = {
			isa = PBXGroup;
			children = (
				1C7149AB26BFA05F0088527A /* menu.json */,
			);
			path = JSON;
			sourceTree = "<group>";
		};
		47AC678A26C4BBD800903145 /* Service */ = {
			isa = PBXGroup;
			children = (
				47AC678B26C4BC2700903145 /* MenuService.swift */,
			);
			path = Service;
			sourceTree = "<group>";
		};
/* End PBXGroup section */

/* Begin PBXNativeTarget section */
		1C71498626BF62070088527A /* LaPampa */ = {
			isa = PBXNativeTarget;
			buildConfigurationList = 1C71499B26BF62080088527A /* Build configuration list for PBXNativeTarget "LaPampa" */;
			buildPhases = (
				1C71498326BF62070088527A /* Sources */,
				1C71498426BF62070088527A /* Frameworks */,
				1C71498526BF62070088527A /* Resources */,
			);
			buildRules = (
			);
			dependencies = (
			);
			name = LaPampa;
			productName = LaPampa;
			productReference = 1C71498726BF62070088527A /* LaPampa.app */;
			productType = "com.apple.product-type.application";
		};
/* End PBXNativeTarget section */

/* Begin PBXProject section */
		1C71497F26BF62070088527A /* Project object */ = {
			isa = PBXProject;
			attributes = {
				LastSwiftUpdateCheck = 1250;
				LastUpgradeCheck = 1250;
				TargetAttributes = {
					1C71498626BF62070088527A = {
						CreatedOnToolsVersion = 12.5.1;
					};
				};
			};
			buildConfigurationList = 1C71498226BF62070088527A /* Build configuration list for PBXProject "LaPampa" */;
			compatibilityVersion = "Xcode 9.3";
			developmentRegion = en;
			hasScannedForEncodings = 0;
			knownRegions = (
				en,
				Base,
			);
			mainGroup = 1C71497E26BF62070088527A;
			productRefGroup = 1C71498826BF62070088527A /* Products */;
			projectDirPath = "";
			projectRoot = "";
			targets = (
				1C71498626BF62070088527A /* LaPampa */,
			);
		};
/* End PBXProject section */

/* Begin PBXResourcesBuildPhase section */
		1C71498526BF62070088527A /* Resources */ = {
			isa = PBXResourcesBuildPhase;
			buildActionMask = 2147483647;
			files = (
				1C3C6CC926C07E2D008E5F85 /* menu.json in Resources */,
				1C71499726BF62080088527A /* LaunchScreen.storyboard in Resources */,
				1C71499426BF62080088527A /* Assets.xcassets in Resources */,
				1C71499226BF62070088527A /* Main.storyboard in Resources */,
			);
			runOnlyForDeploymentPostprocessing = 0;
		};
/* End PBXResourcesBuildPhase section */

/* Begin PBXSourcesBuildPhase section */
		1C71498326BF62070088527A /* Sources */ = {
			isa = PBXSourcesBuildPhase;
			buildActionMask = 2147483647;
			files = (
				1C71498F26BF62070088527A /* MainViewController.swift in Sources */,
				1C7149A326BF90410088527A /* AlbumViewController.swift in Sources */,
				1C7149AA26BF95EA0088527A /* MenuItem.swift in Sources */,
				1C3C6CC426C030DD008E5F85 /* Item.swift in Sources */,
				1C71498B26BF62070088527A /* AppDelegate.swift in Sources */,
				1C3C6CC826C07B0A008E5F85 /* PhotoCollectionViewCell.swift in Sources */,
				1C7149A526BF91340088527A /* MenuItemTableViewCell.swift in Sources */,
				1C71498D26BF62070088527A /* SceneDelegate.swift in Sources */,
				47AC678C26C4BC2700903145 /* MenuService.swift in Sources */,
				1C7149A126BF90360088527A /* MenuViewController.swift in Sources */,
			);
			runOnlyForDeploymentPostprocessing = 0;
		};
/* End PBXSourcesBuildPhase section */

/* Begin PBXVariantGroup section */
		1C71499026BF62070088527A /* Main.storyboard */ = {
			isa = PBXVariantGroup;
			children = (
				1C71499126BF62070088527A /* Base */,
			);
			name = Main.storyboard;
			sourceTree = "<group>";
		};
		1C71499526BF62080088527A /* LaunchScreen.storyboard */ = {
			isa = PBXVariantGroup;
			children = (
				1C71499626BF62080088527A /* Base */,
			);
			name = LaunchScreen.storyboard;
			sourceTree = "<group>";
		};
/* End PBXVariantGroup section */

/* Begin XCBuildConfiguration section */
		1C71499926BF62080088527A /* Debug */ = {
			isa = XCBuildConfiguration;
			buildSettings = {
				ALWAYS_SEARCH_USER_PATHS = NO;
				CLANG_ANALYZER_NONNULL = YES;
				CLANG_ANALYZER_NUMBER_OBJECT_CONVERSION = YES_AGGRESSIVE;
				CLANG_CXX_LANGUAGE_STANDARD = "gnu++14";
				CLANG_CXX_LIBRARY = "libc++";
				CLANG_ENABLE_MODULES = YES;
				CLANG_ENABLE_OBJC_ARC = YES;
				CLANG_ENABLE_OBJC_WEAK = YES;
				CLANG_WARN_BLOCK_CAPTURE_AUTORELEASING = YES;
				CLANG_WARN_BOOL_CONVERSION = YES;
				CLANG_WARN_COMMA = YES;
				CLANG_WARN_CONSTANT_CONVERSION = YES;
				CLANG_WARN_DEPRECATED_OBJC_IMPLEMENTATIONS = YES;
				CLANG_WARN_DIRECT_OBJC_ISA_USAGE = YES_ERROR;
				CLANG_WARN_DOCUMENTATION_COMMENTS = YES;
				CLANG_WARN_EMPTY_BODY = YES;
				CLANG_WARN_ENUM_CONVERSION = YES;
				CLANG_WARN_INFINITE_RECURSION = YES;
				CLANG_WARN_INT_CONVERSION = YES;
				CLANG_WARN_NON_LITERAL_NULL_CONVERSION = YES;
				CLANG_WARN_OBJC_IMPLICIT_RETAIN_SELF = YES;
				CLANG_WARN_OBJC_LITERAL_CONVERSION = YES;
				CLANG_WARN_OBJC_ROOT_CLASS = YES_ERROR;
				CLANG_WARN_QUOTED_INCLUDE_IN_FRAMEWORK_HEADER = YES;
				CLANG_WARN_RANGE_LOOP_ANALYSIS = YES;
				CLANG_WARN_STRICT_PROTOTYPES = YES;
				CLANG_WARN_SUSPICIOUS_MOVE = YES;
				CLANG_WARN_UNGUARDED_AVAILABILITY = YES_AGGRESSIVE;
				CLANG_WARN_UNREACHABLE_CODE = YES;
				CLANG_WARN__DUPLICATE_METHOD_MATCH = YES;
				COPY_PHASE_STRIP = NO;
				DEBUG_INFORMATION_FORMAT = dwarf;
				ENABLE_STRICT_OBJC_MSGSEND = YES;
				ENABLE_TESTABILITY = YES;
				GCC_C_LANGUAGE_STANDARD = gnu11;
				GCC_DYNAMIC_NO_PIC = NO;
				GCC_NO_COMMON_BLOCKS = YES;
				GCC_OPTIMIZATION_LEVEL = 0;
				GCC_PREPROCESSOR_DEFINITIONS = (
					"DEBUG=1",
					"$(inherited)",
				);
				GCC_WARN_64_TO_32_BIT_CONVERSION = YES;
				GCC_WARN_ABOUT_RETURN_TYPE = YES_ERROR;
				GCC_WARN_UNDECLARED_SELECTOR = YES;
				GCC_WARN_UNINITIALIZED_AUTOS = YES_AGGRESSIVE;
				GCC_WARN_UNUSED_FUNCTION = YES;
				GCC_WARN_UNUSED_VARIABLE = YES;
				IPHONEOS_DEPLOYMENT_TARGET = 13.6;
				MTL_ENABLE_DEBUG_INFO = INCLUDE_SOURCE;
				MTL_FAST_MATH = YES;
				ONLY_ACTIVE_ARCH = YES;
				SDKROOT = iphoneos;
				SWIFT_ACTIVE_COMPILATION_CONDITIONS = DEBUG;
				SWIFT_OPTIMIZATION_LEVEL = "-Onone";
			};
			name = Debug;
		};
		1C71499A26BF62080088527A /* Release */ = {
			isa = XCBuildConfiguration;
			buildSettings = {
				ALWAYS_SEARCH_USER_PATHS = NO;
				CLANG_ANALYZER_NONNULL = YES;
				CLANG_ANALYZER_NUMBER_OBJECT_CONVERSION = YES_AGGRESSIVE;
				CLANG_CXX_LANGUAGE_STANDARD = "gnu++14";
				CLANG_CXX_LIBRARY = "libc++";
				CLANG_ENABLE_MODULES = YES;
				CLANG_ENABLE_OBJC_ARC = YES;
				CLANG_ENABLE_OBJC_WEAK = YES;
				CLANG_WARN_BLOCK_CAPTURE_AUTORELEASING = YES;
				CLANG_WARN_BOOL_CONVERSION = YES;
				CLANG_WARN_COMMA = YES;
				CLANG_WARN_CONSTANT_CONVERSION = YES;
				CLANG_WARN_DEPRECATED_OBJC_IMPLEMENTATIONS = YES;
				CLANG_WARN_DIRECT_OBJC_ISA_USAGE = YES_ERROR;
				CLANG_WARN_DOCUMENTATION_COMMENTS = YES;
				CLANG_WARN_EMPTY_BODY = YES;
				CLANG_WARN_ENUM_CONVERSION = YES;
				CLANG_WARN_INFINITE_RECURSION = YES;
				CLANG_WARN_INT_CONVERSION = YES;
				CLANG_WARN_NON_LITERAL_NULL_CONVERSION = YES;
				CLANG_WARN_OBJC_IMPLICIT_RETAIN_SELF = YES;
				CLANG_WARN_OBJC_LITERAL_CONVERSION = YES;
				CLANG_WARN_OBJC_ROOT_CLASS = YES_ERROR;
				CLANG_WARN_QUOTED_INCLUDE_IN_FRAMEWORK_HEADER = YES;
				CLANG_WARN_RANGE_LOOP_ANALYSIS = YES;
				CLANG_WARN_STRICT_PROTOTYPES = YES;
				CLANG_WARN_SUSPICIOUS_MOVE = YES;
				CLANG_WARN_UNGUARDED_AVAILABILITY = YES_AGGRESSIVE;
				CLANG_WARN_UNREACHABLE_CODE = YES;
				CLANG_WARN__DUPLICATE_METHOD_MATCH = YES;
				COPY_PHASE_STRIP = NO;
				DEBUG_INFORMATION_FORMAT = "dwarf-with-dsym";
				ENABLE_NS_ASSERTIONS = NO;
				ENABLE_STRICT_OBJC_MSGSEND = YES;
				GCC_C_LANGUAGE_STANDARD = gnu11;
				GCC_NO_COMMON_BLOCKS = YES;
				GCC_WARN_64_TO_32_BIT_CONVERSION = YES;
				GCC_WARN_ABOUT_RETURN_TYPE = YES_ERROR;
				GCC_WARN_UNDECLARED_SELECTOR = YES;
				GCC_WARN_UNINITIALIZED_AUTOS = YES_AGGRESSIVE;
				GCC_WARN_UNUSED_FUNCTION = YES;
				GCC_WARN_UNUSED_VARIABLE = YES;
				IPHONEOS_DEPLOYMENT_TARGET = 13.6;
				MTL_ENABLE_DEBUG_INFO = NO;
				MTL_FAST_MATH = YES;
				SDKROOT = iphoneos;
				SWIFT_COMPILATION_MODE = wholemodule;
				SWIFT_OPTIMIZATION_LEVEL = "-O";
				VALIDATE_PRODUCT = YES;
			};
			name = Release;
		};
		1C71499C26BF62080088527A /* Debug */ = {
			isa = XCBuildConfiguration;
			buildSettings = {
				ASSETCATALOG_COMPILER_APPICON_NAME = AppIcon;
				ASSETCATALOG_COMPILER_GLOBAL_ACCENT_COLOR_NAME = AccentColor;
				CODE_SIGN_STYLE = Automatic;
				DEVELOPMENT_TEAM = Z5AHKNAYZ3;
				INFOPLIST_FILE = LaPampa/App/Info.plist;
				LD_RUNPATH_SEARCH_PATHS = (
					"$(inherited)",
					"@executable_path/Frameworks",
				);
				PRODUCT_BUNDLE_IDENTIFIER = com.path.LaPampa;
				PRODUCT_NAME = "$(TARGET_NAME)";
				SWIFT_VERSION = 5.0;
				TARGETED_DEVICE_FAMILY = "1,2";
			};
			name = Debug;
		};
		1C71499D26BF62080088527A /* Release */ = {
			isa = XCBuildConfiguration;
			buildSettings = {
				ASSETCATALOG_COMPILER_APPICON_NAME = AppIcon;
				ASSETCATALOG_COMPILER_GLOBAL_ACCENT_COLOR_NAME = AccentColor;
				CODE_SIGN_STYLE = Automatic;
				DEVELOPMENT_TEAM = Z5AHKNAYZ3;
				INFOPLIST_FILE = LaPampa/App/Info.plist;
				LD_RUNPATH_SEARCH_PATHS = (
					"$(inherited)",
					"@executable_path/Frameworks",
				);
				PRODUCT_BUNDLE_IDENTIFIER = com.path.LaPampa;
				PRODUCT_NAME = "$(TARGET_NAME)";
				SWIFT_VERSION = 5.0;
				TARGETED_DEVICE_FAMILY = "1,2";
			};
			name = Release;
		};
/* End XCBuildConfiguration section */

/* Begin XCConfigurationList section */
		1C71498226BF62070088527A /* Build configuration list for PBXProject "LaPampa" */ = {
			isa = XCConfigurationList;
			buildConfigurations = (
				1C71499926BF62080088527A /* Debug */,
				1C71499A26BF62080088527A /* Release */,
			);
			defaultConfigurationIsVisible = 0;
			defaultConfigurationName = Release;
		};
		1C71499B26BF62080088527A /* Build configuration list for PBXNativeTarget "LaPampa" */ = {
			isa = XCConfigurationList;
			buildConfigurations = (
				1C71499C26BF62080088527A /* Debug */,
				1C71499D26BF62080088527A /* Release */,
			);
			defaultConfigurationIsVisible = 0;
			defaultConfigurationName = Release;
		};
/* End XCConfigurationList section */
	};
	rootObject = 1C71497F26BF62070088527A /* Project object */;
}
